
Microsoft Visual Studio Solution File, Format Version 12.00
# Visual Studio Version 16
VisualStudioVersion = 16.0.30225.117
MinimumVisualStudioVersion = 10.0.40219.1
Project("{FAE04EC0-301F-11D3-BF4B-00C04F79EFBC}") = "BasicChatContents", "BasicChatContents\BasicChatContents.csproj", "{76533B7E-D791-4DE4-A8D3-AC4143852CAD}"
EndProject
Global
	GlobalSection(SolutionConfigurationPlatforms) = preSolution
		Debug|Any CPU = Debug|Any CPU
		Release|Any CPU = Release|Any CPU
	EndGlobalSection
	GlobalSection(ProjectConfigurationPlatforms) = postSolution
		{76533B7E-D791-4DE4-A8D3-AC4143852CAD}.Debug|Any CPU.ActiveCfg = Debug|Any CPU
		{76533B7E-D791-4DE4-A8D3-AC4143852CAD}.Debug|Any CPU.Build.0 = Debug|Any CPU
		{76533B7E-D791-4DE4-A8D3-AC4143852CAD}.Release|Any CPU.ActiveCfg = Release|Any CPU
		{76533B7E-D791-4DE4-A8D3-AC4143852CAD}.Release|Any CPU.Build.0 = Release|Any CPU
	EndGlobalSection
	GlobalSection(SolutionProperties) = preSolution
		HideSolutionNode = FALSE
	EndGlobalSection
	GlobalSection(ExtensibilityGlobals) = postSolution
		SolutionGuid = {5932B388-1826-4414-9A81-6E2B5D8A5F2C}
	EndGlobalSection
EndGlobal
